
Microsoft Visual Studio Solution File, Format Version 12.00
# Visual Studio Version 17
VisualStudioVersion = 17.4.33213.308
MinimumVisualStudioVersion = 10.0.40219.1
Project("{FAE04EC0-301F-11D3-BF4B-00C04F79EFBC}") = "MatchingGameКовяров", "MatchingGameКовяров.csproj", "{A8D62848-5CE1-4268-9075-423A6EEE59CB}"
EndProject
Global
	GlobalSection(SolutionConfigurationPlatforms) = preSolution
		Debug|Any CPU = Debug|Any CPU
		Release|Any CPU = Release|Any CPU
	EndGlobalSection
	GlobalSection(ProjectConfigurationPlatforms) = postSolution
		{A8D62848-5CE1-4268-9075-423A6EEE59CB}.Debug|Any CPU.ActiveCfg = Debug|Any CPU
		{A8D62848-5CE1-4268-9075-423A6EEE59CB}.Debug|Any CPU.Build.0 = Debug|Any CPU
		{A8D62848-5CE1-4268-9075-423A6EEE59CB}.Release|Any CPU.ActiveCfg = Release|Any CPU
		{A8D62848-5CE1-4268-9075-423A6EEE59CB}.Release|Any CPU.Build.0 = Release|Any CPU
	EndGlobalSection
	GlobalSection(SolutionProperties) = preSolution
		HideSolutionNode = FALSE
	EndGlobalSection
	GlobalSection(ExtensibilityGlobals) = postSolution
		SolutionGuid = {E2F0B00F-E68F-44E2-AA12-65F53E88CE47}
	EndGlobalSection
EndGlobal
